
Microsoft Visual Studio Solution File, Format Version 12.00
# Visual Studio Version 17
VisualStudioVersion = 17.10.35027.167
MinimumVisualStudioVersion = 10.0.40219.1
Project("{FAE04EC0-301F-11D3-BF4B-00C04F79EFBC}") = "MauiTempoAgora", "MauiTempoAgora\MauiTempoAgora.csproj", "{6C22CF29-A5E4-4E56-BDBE-33E20B644203}"
EndProject
Global
	GlobalSection(SolutionConfigurationPlatforms) = preSolution
		Debug|Any CPU = Debug|Any CPU
		Release|Any CPU = Release|Any CPU
	EndGlobalSection
	GlobalSection(ProjectConfigurationPlatforms) = postSolution
		{6C22CF29-A5E4-4E56-BDBE-33E20B644203}.Debug|Any CPU.ActiveCfg = Debug|Any CPU
		{6C22CF29-A5E4-4E56-BDBE-33E20B644203}.Debug|Any CPU.Build.0 = Debug|Any CPU
		{6C22CF29-A5E4-4E56-BDBE-33E20B644203}.Debug|Any CPU.Deploy.0 = Debug|Any CPU
		{6C22CF29-A5E4-4E56-BDBE-33E20B644203}.Release|Any CPU.ActiveCfg = Release|Any CPU
		{6C22CF29-A5E4-4E56-BDBE-33E20B644203}.Release|Any CPU.Build.0 = Release|Any CPU
		{6C22CF29-A5E4-4E56-BDBE-33E20B644203}.Release|Any CPU.Deploy.0 = Release|Any CPU
	EndGlobalSection
	GlobalSection(SolutionProperties) = preSolution
		HideSolutionNode = FALSE
	EndGlobalSection
	GlobalSection(ExtensibilityGlobals) = postSolution
		SolutionGuid = {21A719C2-D1F9-47AB-9E32-E48DECE87E16}
	EndGlobalSection
EndGlobal
